
Microsoft Visual Studio Solution File, Format Version 12.00
# Visual Studio 15
VisualStudioVersion = 15.0.27130.2024
MinimumVisualStudioVersion = 10.0.40219.1
Project("{FAE04EC0-301F-11D3-BF4B-00C04F79EFBC}") = "NVSyncUtility", "NVSyncUtility\NVSyncUtility.csproj", "{1D3BC83D-5C3E-4285-9BC9-395F8E1A201A}"
EndProject
Global
	GlobalSection(SolutionConfigurationPlatforms) = preSolution
		Debug|Any CPU = Debug|Any CPU
		Debug|ARM = Debug|ARM
		Debug|x64 = Debug|x64
		Debug|x86 = Debug|x86
		Release|Any CPU = Release|Any CPU
		Release|ARM = Release|ARM
		Release|x64 = Release|x64
		Release|x86 = Release|x86
	EndGlobalSection
	GlobalSection(ProjectConfigurationPlatforms) = postSolution
		{1D3BC83D-5C3E-4285-9BC9-395F8E1A201A}.Debug|Any CPU.ActiveCfg = Debug|Any CPU
		{1D3BC83D-5C3E-4285-9BC9-395F8E1A201A}.Debug|Any CPU.Build.0 = Debug|Any CPU
		{1D3BC83D-5C3E-4285-9BC9-395F8E1A201A}.Debug|ARM.ActiveCfg = Debug|Any CPU
		{1D3BC83D-5C3E-4285-9BC9-395F8E1A201A}.Debug|ARM.Build.0 = Debug|Any CPU
		{1D3BC83D-5C3E-4285-9BC9-395F8E1A201A}.Debug|x64.ActiveCfg = Debug|Any CPU
		{1D3BC83D-5C3E-4285-9BC9-395F8E1A201A}.Debug|x64.Build.0 = Debug|Any CPU
		{1D3BC83D-5C3E-4285-9BC9-395F8E1A201A}.Debug|x86.ActiveCfg = Debug|Any CPU
		{1D3BC83D-5C3E-4285-9BC9-395F8E1A201A}.Debug|x86.Build.0 = Debug|Any CPU
		{1D3BC83D-5C3E-4285-9BC9-395F8E1A201A}.Release|Any CPU.ActiveCfg = Release|Any CPU
		{1D3BC83D-5C3E-4285-9BC9-395F8E1A201A}.Release|Any CPU.Build.0 = Release|Any CPU
		{1D3BC83D-5C3E-4285-9BC9-395F8E1A201A}.Release|ARM.ActiveCfg = Release|Any CPU
		{1D3BC83D-5C3E-4285-9BC9-395F8E1A201A}.Release|ARM.Build.0 = Release|Any CPU
		{1D3BC83D-5C3E-4285-9BC9-395F8E1A201A}.Release|x64.ActiveCfg = Release|Any CPU
		{1D3BC83D-5C3E-4285-9BC9-395F8E1A201A}.Release|x64.Build.0 = Release|Any CPU
		{1D3BC83D-5C3E-4285-9BC9-395F8E1A201A}.Release|x86.ActiveCfg = Release|Any CPU
		{1D3BC83D-5C3E-4285-9BC9-395F8E1A201A}.Release|x86.Build.0 = Release|Any CPU
	EndGlobalSection
	GlobalSection(SolutionProperties) = preSolution
		HideSolutionNode = FALSE
	EndGlobalSection
	GlobalSection(ExtensibilityGlobals) = postSolution
		SolutionGuid = {3D481563-75D7-4739-A64F-C07C32991971}
	EndGlobalSection
EndGlobal
